// !$*UTF8*$!
{
	archiveVersion = 1;
	classes = {
	};
	objectVersion = 56;
	objects = {

/* Begin PBXBuildFile section */
		ABEB4FA729D1774D009FCF6F /* AppDelegate.swift in Sources */ = {isa = PBXBuildFile; fileRef = ABEB4FA629D1774D009FCF6F /* AppDelegate.swift */; };
		ABEB4FA929D1774D009FCF6F /* SceneDelegate.swift in Sources */ = {isa = PBXBuildFile; fileRef = ABEB4FA829D1774D009FCF6F /* SceneDelegate.swift */; };
		ABEB4FAB29D1774D009FCF6F /* ViewController.swift in Sources */ = {isa = PBXBuildFile; fileRef = ABEB4FAA29D1774D009FCF6F /* ViewController.swift */; };
		ABEB4FAE29D1774D009FCF6F /* Main.storyboard in Resources */ = {isa = PBXBuildFile; fileRef = ABEB4FAC29D1774D009FCF6F /* Main.storyboard */; };
		ABEB4FB029D1774D009FCF6F /* Assets.xcassets in Resources */ = {isa = PBXBuildFile; fileRef = ABEB4FAF29D1774D009FCF6F /* Assets.xcassets */; };
		ABEB4FB329D1774D009FCF6F /* LaunchScreen.storyboard in Resources */ = {isa = PBXBuildFile; fileRef = ABEB4FB129D1774D009FCF6F /* LaunchScreen.storyboard */; };
		ABEB4FBD29D18570009FCF6F /* SecondViewController.swift in Sources */ = {isa = PBXBuildFile; fileRef = ABEB4FBC29D18570009FCF6F /* SecondViewController.swift */; };
		ABEB4FE329D588A2009FCF6F /* DataUpdate.swift in Sources */ = {isa = PBXBuildFile; fileRef = ABEB4FE229D588A2009FCF6F /* DataUpdate.swift */; };
/* End PBXBuildFile section */

/* Begin PBXFileReference section */
		ABEB4FA329D1774D009FCF6F /* Controller communiction.app */ = {isa = PBXFileReference; explicitFileType = wrapper.application; includeInIndex = 0; path = "Controller communiction.app"; sourceTree = BUILT_PRODUCTS_DIR; };
		ABEB4FA629D1774D009FCF6F /* AppDelegate.swift */ = {isa = PBXFileReference; lastKnownFileType = sourcecode.swift; path = AppDelegate.swift; sourceTree = "<group>"; };
		ABEB4FA829D1774D009FCF6F /* SceneDelegate.swift */ = {isa = PBXFileReference; lastKnownFileType = sourcecode.swift; path = SceneDelegate.swift; sourceTree = "<group>"; };
		ABEB4FAA29D1774D009FCF6F /* ViewController.swift */ = {isa = PBXFileReference; lastKnownFileType = sourcecode.swift; path = ViewController.swift; sourceTree = "<group>"; };
		ABEB4FAD29D1774D009FCF6F /* Base */ = {isa = PBXFileReference; lastKnownFileType = file.storyboard; name = Base; path = Base.lproj/Main.storyboard; sourceTree = "<group>"; };
		ABEB4FAF29D1774D009FCF6F /* Assets.xcassets */ = {isa = PBXFileReference; lastKnownFileType = folder.assetcatalog; path = Assets.xcassets; sourceTree = "<group>"; };
		ABEB4FB229D1774D009FCF6F /* Base */ = {isa = PBXFileReference; lastKnownFileType = file.storyboard; name = Base; path = Base.lproj/LaunchScreen.storyboard; sourceTree = "<group>"; };
		ABEB4FB429D1774D009FCF6F /* Info.plist */ = {isa = PBXFileReference; lastKnownFileType = text.plist.xml; path = Info.plist; sourceTree = "<group>"; };
		ABEB4FBC29D18570009FCF6F /* SecondViewController.swift */ = {isa = PBXFileReference; lastKnownFileType = sourcecode.swift; path = SecondViewController.swift; sourceTree = "<group>"; };
		ABEB4FE229D588A2009FCF6F /* DataUpdate.swift */ = {isa = PBXFileReference; lastKnownFileType = sourcecode.swift; path = DataUpdate.swift; sourceTree = "<group>"; };
/* End PBXFileReference section */

/* Begin PBXFrameworksBuildPhase section */
		ABEB4FA029D1774D009FCF6F /* Frameworks */ = {
			isa = PBXFrameworksBuildPhase;
			buildActionMask = 2147483647;
			files = (
			);
			runOnlyForDeploymentPostprocessing = 0;
		};
/* End PBXFrameworksBuildPhase section */

/* Begin PBXGroup section */
		ABEB4F9A29D1774D009FCF6F = {
			isa = PBXGroup;
			children = (
				ABEB4FA529D1774D009FCF6F /* Controller communiction */,
				ABEB4FA429D1774D009FCF6F /* Products */,
			);
			sourceTree = "<group>";
		};
		ABEB4FA429D1774D009FCF6F /* Products */ = {
			isa = PBXGroup;
			children = (
				ABEB4FA329D1774D009FCF6F /* Controller communiction.app */,
			);
			name = Products;
			sourceTree = "<group>";
		};
		ABEB4FA529D1774D009FCF6F /* Controller communiction */ = {
			isa = PBXGroup;
			children = (
				ABEB4FA629D1774D009FCF6F /* AppDelegate.swift */,
				ABEB4FA829D1774D009FCF6F /* SceneDelegate.swift */,
				ABEB4FAA29D1774D009FCF6F /* ViewController.swift */,
				ABEB4FBC29D18570009FCF6F /* SecondViewController.swift */,
				ABEB4FE229D588A2009FCF6F /* DataUpdate.swift */,
				ABEB4FAC29D1774D009FCF6F /* Main.storyboard */,
				ABEB4FAF29D1774D009FCF6F /* Assets.xcassets */,
				ABEB4FB129D1774D009FCF6F /* LaunchScreen.storyboard */,
				ABEB4FB429D1774D009FCF6F /* Info.plist */,
			);
			path = "Controller communiction";
			sourceTree = "<group>";
		};
/* End PBXGroup section */

/* Begin PBXNativeTarget section */
		ABEB4FA229D1774D009FCF6F /* Controller communiction */ = {
			isa = PBXNativeTarget;
			buildConfigurationList = ABEB4FB729D1774D009FCF6F /* Build configuration list for PBXNativeTarget "Controller communiction" */;
			buildPhases = (
				ABEB4F9F29D1774D009FCF6F /* Sources */,
				ABEB4FA029D1774D009FCF6F /* Frameworks */,
				ABEB4FA129D1774D009FCF6F /* Resources */,
			);
			buildRules = (
			);
			dependencies = (
			);
			name = "Controller communiction";
			productName = "Controller communiction";
			productReference = ABEB4FA329D1774D009FCF6F /* Controller communiction.app */;
			productType = "com.apple.product-type.application";
		};
/* End PBXNativeTarget section */

/* Begin PBXProject section */
		ABEB4F9B29D1774D009FCF6F /* Project object */ = {
			isa = PBXProject;
			attributes = {
				BuildIndependentTargetsInParallel = 1;
				LastSwiftUpdateCheck = 1420;
				LastUpgradeCheck = 1420;
				TargetAttributes = {
					ABEB4FA229D1774D009FCF6F = {
						CreatedOnToolsVersion = 14.2;
					};
				};
			};
			buildConfigurationList = ABEB4F9E29D1774D009FCF6F /* Build configuration list for PBXProject "Controller communiction" */;
			compatibilityVersion = "Xcode 14.0";
			developmentRegion = en;
			hasScannedForEncodings = 0;
			knownRegions = (
				en,
				Base,
			);
			mainGroup = ABEB4F9A29D1774D009FCF6F;
			productRefGroup = ABEB4FA429D1774D009FCF6F /* Products */;
			projectDirPath = "";
			projectRoot = "";
			targets = (
				ABEB4FA229D1774D009FCF6F /* Controller communiction */,
			);
		};
/* End PBXProject section */

/* Begin PBXResourcesBuildPhase section */
		ABEB4FA129D1774D009FCF6F /* Resources */ = {
			isa = PBXResourcesBuildPhase;
			buildActionMask = 2147483647;
			files = (
				ABEB4FB329D1774D009FCF6F /* LaunchScreen.storyboard in Resources */,
				ABEB4FB029D1774D009FCF6F /* Assets.xcassets in Resources */,
				ABEB4FAE29D1774D009FCF6F /* Main.storyboard in Resources */,
			);
			runOnlyForDeploymentPostprocessing = 0;
		};
/* End PBXResourcesBuildPhase section */

/* Begin PBXSourcesBuildPhase section */
		ABEB4F9F29D1774D009FCF6F /* Sources */ = {
			isa = PBXSourcesBuildPhase;
			buildActionMask = 2147483647;
			files = (
				ABEB4FBD29D18570009FCF6F /* SecondViewController.swift in Sources */,
				ABEB4FAB29D1774D009FCF6F /* ViewController.swift in Sources */,
				ABEB4FE329D588A2009FCF6F /* DataUpdate.swift in Sources */,
				ABEB4FA729D1774D009FCF6F /* AppDelegate.swift in Sources */,
				ABEB4FA929D1774D009FCF6F /* SceneDelegate.swift in Sources */,
			);
			runOnlyForDeploymentPostprocessing = 0;
		};
/* End PBXSourcesBuildPhase section */

/* Begin PBXVariantGroup section */
		ABEB4FAC29D1774D009FCF6F /* Main.storyboard */ = {
			isa = PBXVariantGroup;
			children = (
				ABEB4FAD29D1774D009FCF6F /* Base */,
			);
			name = Main.storyboard;
			sourceTree = "<group>";
		};
		ABEB4FB129D1774D009FCF6F /* LaunchScreen.storyboard */ = {
			isa = PBXVariantGroup;
			children = (
				ABEB4FB229D1774D009FCF6F /* Base */,
			);
			name = LaunchScreen.storyboard;
			sourceTree = "<group>";
		};
/* End PBXVariantGroup section */

/* Begin XCBuildConfiguration section */
		ABEB4FB529D1774D009FCF6F /* Debug */ = {
			isa = XCBuildConfiguration;
			buildSettings = {
				ALWAYS_SEARCH_USER_PATHS = NO;
				CLANG_ANALYZER_NONNULL = YES;
				CLANG_ANALYZER_NUMBER_OBJECT_CONVERSION = YES_AGGRESSIVE;
				CLANG_CXX_LANGUAGE_STANDARD = "gnu++20";
				CLANG_ENABLE_MODULES = YES;
				CLANG_ENABLE_OBJC_ARC = YES;
				CLANG_ENABLE_OBJC_WEAK = YES;
				CLANG_WARN_BLOCK_CAPTURE_AUTORELEASING = YES;
				CLANG_WARN_BOOL_CONVERSION = YES;
				CLANG_WARN_COMMA = YES;
				CLANG_WARN_CONSTANT_CONVERSION = YES;
				CLANG_WARN_DEPRECATED_OBJC_IMPLEMENTATIONS = YES;
				CLANG_WARN_DIRECT_OBJC_ISA_USAGE = YES_ERROR;
				CLANG_WARN_DOCUMENTATION_COMMENTS = YES;
				CLANG_WARN_EMPTY_BODY = YES;
				CLANG_WARN_ENUM_CONVERSION = YES;
				CLANG_WARN_INFINITE_RECURSION = YES;
				CLANG_WARN_INT_CONVERSION = YES;
				CLANG_WARN_NON_LITERAL_NULL_CONVERSION = YES;
				CLANG_WARN_OBJC_IMPLICIT_RETAIN_SELF = YES;
				CLANG_WARN_OBJC_LITERAL_CONVERSION = YES;
				CLANG_WARN_OBJC_ROOT_CLASS = YES_ERROR;
				CLANG_WARN_QUOTED_INCLUDE_IN_FRAMEWORK_HEADER = YES;
				CLANG_WARN_RANGE_LOOP_ANALYSIS = YES;
				CLANG_WARN_STRICT_PROTOTYPES = YES;
				CLANG_WARN_SUSPICIOUS_MOVE = YES;
				CLANG_WARN_UNGUARDED_AVAILABILITY = YES_AGGRESSIVE;
				CLANG_WARN_UNREACHABLE_CODE = YES;
				CLANG_WARN__DUPLICATE_METHOD_MATCH = YES;
				COPY_PHASE_STRIP = NO;
				DEBUG_INFORMATION_FORMAT = dwarf;
				ENABLE_STRICT_OBJC_MSGSEND = YES;
				ENABLE_TESTABILITY = YES;
				GCC_C_LANGUAGE_STANDARD = gnu11;
				GCC_DYNAMIC_NO_PIC = NO;
				GCC_NO_COMMON_BLOCKS = YES;
				GCC_OPTIMIZATION_LEVEL = 0;
				GCC_PREPROCESSOR_DEFINITIONS = (
					"DEBUG=1",
					"$(inherited)",
				);
				GCC_WARN_64_TO_32_BIT_CONVERSION = YES;
				GCC_WARN_ABOUT_RETURN_TYPE = YES_ERROR;
				GCC_WARN_UNDECLARED_SELECTOR = YES;
				GCC_WARN_UNINITIALIZED_AUTOS = YES_AGGRESSIVE;
				GCC_WARN_UNUSED_FUNCTION = YES;
				GCC_WARN_UNUSED_VARIABLE = YES;
				IPHONEOS_DEPLOYMENT_TARGET = 16.2;
				MTL_ENABLE_DEBUG_INFO = INCLUDE_SOURCE;
				MTL_FAST_MATH = YES;
				ONLY_ACTIVE_ARCH = YES;
				SDKROOT = iphoneos;
				SWIFT_ACTIVE_COMPILATION_CONDITIONS = DEBUG;
				SWIFT_OPTIMIZATION_LEVEL = "-Onone";
			};
			name = Debug;
		};
		ABEB4FB629D1774D009FCF6F /* Release */ = {
			isa = XCBuildConfiguration;
			buildSettings = {
				ALWAYS_SEARCH_USER_PATHS = NO;
				CLANG_ANALYZER_NONNULL = YES;
				CLANG_ANALYZER_NUMBER_OBJECT_CONVERSION = YES_AGGRESSIVE;
				CLANG_CXX_LANGUAGE_STANDARD = "gnu++20";
				CLANG_ENABLE_MODULES = YES;
				CLANG_ENABLE_OBJC_ARC = YES;
				CLANG_ENABLE_OBJC_WEAK = YES;
				CLANG_WARN_BLOCK_CAPTURE_AUTORELEASING = YES;
				CLANG_WARN_BOOL_CONVERSION = YES;
				CLANG_WARN_COMMA = YES;
				CLANG_WARN_CONSTANT_CONVERSION = YES;
				CLANG_WARN_DEPRECATED_OBJC_IMPLEMENTATIONS = YES;
				CLANG_WARN_DIRECT_OBJC_ISA_USAGE = YES_ERROR;
				CLANG_WARN_DOCUMENTATION_COMMENTS = YES;
				CLANG_WARN_EMPTY_BODY = YES;
				CLANG_WARN_ENUM_CONVERSION = YES;
				CLANG_WARN_INFINITE_RECURSION = YES;
				CLANG_WARN_INT_CONVERSION = YES;
				CLANG_WARN_NON_LITERAL_NULL_CONVERSION = YES;
				CLANG_WARN_OBJC_IMPLICIT_RETAIN_SELF = YES;
				CLANG_WARN_OBJC_LITERAL_CONVERSION = YES;
				CLANG_WARN_OBJC_ROOT_CLASS = YES_ERROR;
				CLANG_WARN_QUOTED_INCLUDE_IN_FRAMEWORK_HEADER = YES;
				CLANG_WARN_RANGE_LOOP_ANALYSIS = YES;
				CLANG_WARN_STRICT_PROTOTYPES = YES;
				CLANG_WARN_SUSPICIOUS_MOVE = YES;
				CLANG_WARN_UNGUARDED_AVAILABILITY = YES_AGGRESSIVE;
				CLANG_WARN_UNREACHABLE_CODE = YES;
				CLANG_WARN__DUPLICATE_METHOD_MATCH = YES;
				COPY_PHASE_STRIP = NO;
				DEBUG_INFORMATION_FORMAT = "dwarf-with-dsym";
				ENABLE_NS_ASSERTIONS = NO;
				ENABLE_STRICT_OBJC_MSGSEND = YES;
				GCC_C_LANGUAGE_STANDARD = gnu11;
				GCC_NO_COMMON_BLOCKS = YES;
				GCC_WARN_64_TO_32_BIT_CONVERSION = YES;
				GCC_WARN_ABOUT_RETURN_TYPE = YES_ERROR;
				GCC_WARN_UNDECLARED_SELECTOR = YES;
				GCC_WARN_UNINITIALIZED_AUTOS = YES_AGGRESSIVE;
				GCC_WARN_UNUSED_FUNCTION = YES;
				GCC_WARN_UNUSED_VARIABLE = YES;
				IPHONEOS_DEPLOYMENT_TARGET = 16.2;
				MTL_ENABLE_DEBUG_INFO = NO;
				MTL_FAST_MATH = YES;
				SDKROOT = iphoneos;
				SWIFT_COMPILATION_MODE = wholemodule;
				SWIFT_OPTIMIZATION_LEVEL = "-O";
				VALIDATE_PRODUCT = YES;
			};
			name = Release;
		};
		ABEB4FB829D1774D009FCF6F /* Debug */ = {
			isa = XCBuildConfiguration;
			buildSettings = {
				ASSETCATALOG_COMPILER_APPICON_NAME = AppIcon;
				ASSETCATALOG_COMPILER_GLOBAL_ACCENT_COLOR_NAME = AccentColor;
				CODE_SIGN_STYLE = Automatic;
				CURRENT_PROJECT_VERSION = 1;
				DEVELOPMENT_TEAM = 65ZT2PZTN2;
				GENERATE_INFOPLIST_FILE = YES;
				INFOPLIST_FILE = "Controller communiction/Info.plist";
				INFOPLIST_KEY_UIApplicationSupportsIndirectInputEvents = YES;
				INFOPLIST_KEY_UILaunchStoryboardName = LaunchScreen;
				INFOPLIST_KEY_UIMainStoryboardFile = Main;
				INFOPLIST_KEY_UISupportedInterfaceOrientations_iPad = "UIInterfaceOrientationPortrait UIInterfaceOrientationPortraitUpsideDown UIInterfaceOrientationLandscapeLeft UIInterfaceOrientationLandscapeRight";
				INFOPLIST_KEY_UISupportedInterfaceOrientations_iPhone = "UIInterfaceOrientationPortrait UIInterfaceOrientationLandscapeLeft UIInterfaceOrientationLandscapeRight";
				LD_RUNPATH_SEARCH_PATHS = (
					"$(inherited)",
					"@executable_path/Frameworks",
				);
				MARKETING_VERSION = 1.0;
				PRODUCT_BUNDLE_IDENTIFIER = "sulim.cool.Controller-communiction";
				PRODUCT_NAME = "$(TARGET_NAME)";
				SWIFT_EMIT_LOC_STRINGS = YES;
				SWIFT_VERSION = 5.0;
				TARGETED_DEVICE_FAMILY = "1,2";
			};
			name = Debug;
		};
		ABEB4FB929D1774D009FCF6F /* Release */ = {
			isa = XCBuildConfiguration;
			buildSettings = {
				ASSETCATALOG_COMPILER_APPICON_NAME = AppIcon;
				ASSETCATALOG_COMPILER_GLOBAL_ACCENT_COLOR_NAME = AccentColor;
				CODE_SIGN_STYLE = Automatic;
				CURRENT_PROJECT_VERSION = 1;
				DEVELOPMENT_TEAM = 65ZT2PZTN2;
				GENERATE_INFOPLIST_FILE = YES;
				INFOPLIST_FILE = "Controller communiction/Info.plist";
				INFOPLIST_KEY_UIApplicationSupportsIndirectInputEvents = YES;
				INFOPLIST_KEY_UILaunchStoryboardName = LaunchScreen;
				INFOPLIST_KEY_UIMainStoryboardFile = Main;
				INFOPLIST_KEY_UISupportedInterfaceOrientations_iPad = "UIInterfaceOrientationPortrait UIInterfaceOrientationPortraitUpsideDown UIInterfaceOrientationLandscapeLeft UIInterfaceOrientationLandscapeRight";
				INFOPLIST_KEY_UISupportedInterfaceOrientations_iPhone = "UIInterfaceOrientationPortrait UIInterfaceOrientationLandscapeLeft UIInterfaceOrientationLandscapeRight";
				LD_RUNPATH_SEARCH_PATHS = (
					"$(inherited)",
					"@executable_path/Frameworks",
				);
				MARKETING_VERSION = 1.0;
				PRODUCT_BUNDLE_IDENTIFIER = "sulim.cool.Controller-communiction";
				PRODUCT_NAME = "$(TARGET_NAME)";
				SWIFT_EMIT_LOC_STRINGS = YES;
				SWIFT_VERSION = 5.0;
				TARGETED_DEVICE_FAMILY = "1,2";
			};
			name = Release;
		};
/* End XCBuildConfiguration section */

/* Begin XCConfigurationList section */
		ABEB4F9E29D1774D009FCF6F /* Build configuration list for PBXProject "Controller communiction" */ = {
			isa = XCConfigurationList;
			buildConfigurations = (
				ABEB4FB529D1774D009FCF6F /* Debug */,
				ABEB4FB629D1774D009FCF6F /* Release */,
			);
			defaultConfigurationIsVisible = 0;
			defaultConfigurationName = Release;
		};
		ABEB4FB729D1774D009FCF6F /* Build configuration list for PBXNativeTarget "Controller communiction" */ = {
			isa = XCConfigurationList;
			buildConfigurations = (
				ABEB4FB829D1774D009FCF6F /* Debug */,
				ABEB4FB929D1774D009FCF6F /* Release */,
			);
			defaultConfigurationIsVisible = 0;
			defaultConfigurationName = Release;
		};
/* End XCConfigurationList section */
	};
	rootObject = ABEB4F9B29D1774D009FCF6F /* Project object */;
}
